{
  "name": "interface",
  "version": "1.0.0",
  "lockfileVersion": 1,
  "requires": true,
  "dependencies": {
    "@types/node": {
      "version": "10.17.21",
      "resolved": "https://registry.npmjs.org/@types/node/-/node-10.17.21.tgz",
      "integrity": "sha512-PQKsydPxYxF1DsAFWmunaxd3sOi3iMt6Zmx/tgaagHYmwJ/9cRH91hQkeJZaUGWbvn0K5HlSVEXkn5U/llWPpQ==",
      "dev": true
    },
    "rd": {
      "version": "2.0.1",
      "resolved": "https://registry.npmjs.org/rd/-/rd-2.0.1.tgz",
      "integrity": "sha512-/XdKU4UazUZTXFmI0dpABt8jSXPWcEyaGdk340KdHnsEOdkTctlX23aAK7ChQDn39YGNlAJr1M5uvaKt4QnpNw==",
      "dev": true,
      "requires": {
        "@types/node": "10.17.21"
      }
    }
  }
}
